{
  "name": "project_d6w2b_s6p1j_u3q9w",
  "lockfileVersion": 3,
  "requires": true,
  "packages": {
    "": {
      "dependencies": {
        "@fontsource/outfit": "^5.0.5"
      }
    },
    "node_modules/@fontsource/outfit": {
      "version": "5.0.5",
      "resolved": "https://registry.npmjs.org/@fontsource/outfit/-/outfit-5.0.5.tgz",
      "integrity": "sha512-DWBT3hEMpmIXw5x/rO7HVCG92MICrO2+yV/8kV++yFOt1vOgNjMQuccrw8eW5bx+0hydlTr84NpjTWjTnx/dJg=="
    }
  }
}
